// !$*UTF8*$!
{
	archiveVersion = 1;
	classes = {
	};
	objectVersion = 48;
	objects = {

/* Begin PBXBuildFile section */
		B654B95820095A2E00BCED98 /* AppDelegate.swift in Sources */ = {isa = PBXBuildFile; fileRef = B654B95720095A2E00BCED98 /* AppDelegate.swift */; };
		B654B95A20095A2E00BCED98 /* ViewController.swift in Sources */ = {isa = PBXBuildFile; fileRef = B654B95920095A2E00BCED98 /* ViewController.swift */; };
		B654B95D20095A2E00BCED98 /* Main.storyboard in Resources */ = {isa = PBXBuildFile; fileRef = B654B95B20095A2E00BCED98 /* Main.storyboard */; };
		B654B95F20095A2E00BCED98 /* Assets.xcassets in Resources */ = {isa = PBXBuildFile; fileRef = B654B95E20095A2E00BCED98 /* Assets.xcassets */; };
		B654B96220095A2E00BCED98 /* LaunchScreen.storyboard in Resources */ = {isa = PBXBuildFile; fileRef = B654B96020095A2E00BCED98 /* LaunchScreen.storyboard */; };
		B654B96D20095A2E00BCED98 /* agingTests.swift in Sources */ = {isa = PBXBuildFile; fileRef = B654B96C20095A2E00BCED98 /* agingTests.swift */; };
		B654B97820095A2E00BCED98 /* agingUITests.swift in Sources */ = {isa = PBXBuildFile; fileRef = B654B97720095A2E00BCED98 /* agingUITests.swift */; };
/* End PBXBuildFile section */

/* Begin PBXContainerItemProxy section */
		B654B96920095A2E00BCED98 /* PBXContainerItemProxy */ = {
			isa = PBXContainerItemProxy;
			containerPortal = B654B94C20095A2E00BCED98 /* Project object */;
			proxyType = 1;
			remoteGlobalIDString = B654B95320095A2E00BCED98;
			remoteInfo = aging;
		};
		B654B97420095A2E00BCED98 /* PBXContainerItemProxy */ = {
			isa = PBXContainerItemProxy;
			containerPortal = B654B94C20095A2E00BCED98 /* Project object */;
			proxyType = 1;
			remoteGlobalIDString = B654B95320095A2E00BCED98;
			remoteInfo = aging;
		};
/* End PBXContainerItemProxy section */

/* Begin PBXFileReference section */
		B654B95420095A2E00BCED98 /* aging.app */ = {isa = PBXFileReference; explicitFileType = wrapper.application; includeInIndex = 0; path = aging.app; sourceTree = BUILT_PRODUCTS_DIR; };
		B654B95720095A2E00BCED98 /* AppDelegate.swift */ = {isa = PBXFileReference; lastKnownFileType = sourcecode.swift; path = AppDelegate.swift; sourceTree = "<group>"; };
		B654B95920095A2E00BCED98 /* ViewController.swift */ = {isa = PBXFileReference; lastKnownFileType = sourcecode.swift; path = ViewController.swift; sourceTree = "<group>"; };
		B654B95C20095A2E00BCED98 /* Base */ = {isa = PBXFileReference; lastKnownFileType = file.storyboard; name = Base; path = Base.lproj/Main.storyboard; sourceTree = "<group>"; };
		B654B95E20095A2E00BCED98 /* Assets.xcassets */ = {isa = PBXFileReference; lastKnownFileType = folder.assetcatalog; path = Assets.xcassets; sourceTree = "<group>"; };
		B654B96120095A2E00BCED98 /* Base */ = {isa = PBXFileReference; lastKnownFileType = file.storyboard; name = Base; path = Base.lproj/LaunchScreen.storyboard; sourceTree = "<group>"; };
		B654B96320095A2E00BCED98 /* Info.plist */ = {isa = PBXFileReference; lastKnownFileType = text.plist.xml; path = Info.plist; sourceTree = "<group>"; };
		B654B96820095A2E00BCED98 /* agingTests.xctest */ = {isa = PBXFileReference; explicitFileType = wrapper.cfbundle; includeInIndex = 0; path = agingTests.xctest; sourceTree = BUILT_PRODUCTS_DIR; };
		B654B96C20095A2E00BCED98 /* agingTests.swift */ = {isa = PBXFileReference; lastKnownFileType = sourcecode.swift; path = agingTests.swift; sourceTree = "<group>"; };
		B654B96E20095A2E00BCED98 /* Info.plist */ = {isa = PBXFileReference; lastKnownFileType = text.plist.xml; path = Info.plist; sourceTree = "<group>"; };
		B654B97320095A2E00BCED98 /* agingUITests.xctest */ = {isa = PBXFileReference; explicitFileType = wrapper.cfbundle; includeInIndex = 0; path = agingUITests.xctest; sourceTree = BUILT_PRODUCTS_DIR; };
		B654B97720095A2E00BCED98 /* agingUITests.swift */ = {isa = PBXFileReference; lastKnownFileType = sourcecode.swift; path = agingUITests.swift; sourceTree = "<group>"; };
		B654B97920095A2E00BCED98 /* Info.plist */ = {isa = PBXFileReference; lastKnownFileType = text.plist.xml; path = Info.plist; sourceTree = "<group>"; };
/* End PBXFileReference section */

/* Begin PBXFrameworksBuildPhase section */
		B654B95120095A2E00BCED98 /* Frameworks */ = {
			isa = PBXFrameworksBuildPhase;
			buildActionMask = 2147483647;
			files = (
			);
			runOnlyForDeploymentPostprocessing = 0;
		};
		B654B96520095A2E00BCED98 /* Frameworks */ = {
			isa = PBXFrameworksBuildPhase;
			buildActionMask = 2147483647;
			files = (
			);
			runOnlyForDeploymentPostprocessing = 0;
		};
		B654B97020095A2E00BCED98 /* Frameworks */ = {
			isa = PBXFrameworksBuildPhase;
			buildActionMask = 2147483647;
			files = (
			);
			runOnlyForDeploymentPostprocessing = 0;
		};
/* End PBXFrameworksBuildPhase section */

/* Begin PBXGroup section */
		B654B94B20095A2E00BCED98 = {
			isa = PBXGroup;
			children = (
				B654B95620095A2E00BCED98 /* aging */,
				B654B96B20095A2E00BCED98 /* agingTests */,
				B654B97620095A2E00BCED98 /* agingUITests */,
				B654B95520095A2E00BCED98 /* Products */,
			);
			sourceTree = "<group>";
		};
		B654B95520095A2E00BCED98 /* Products */ = {
			isa = PBXGroup;
			children = (
				B654B95420095A2E00BCED98 /* aging.app */,
				B654B96820095A2E00BCED98 /* agingTests.xctest */,
				B654B97320095A2E00BCED98 /* agingUITests.xctest */,
			);
			name = Products;
			sourceTree = "<group>";
		};
		B654B95620095A2E00BCED98 /* aging */ = {
			isa = PBXGroup;
			children = (
				B654B95720095A2E00BCED98 /* AppDelegate.swift */,
				B654B95920095A2E00BCED98 /* ViewController.swift */,
				B654B95B20095A2E00BCED98 /* Main.storyboard */,
				B654B95E20095A2E00BCED98 /* Assets.xcassets */,
				B654B96020095A2E00BCED98 /* LaunchScreen.storyboard */,
				B654B96320095A2E00BCED98 /* Info.plist */,
			);
			path = aging;
			sourceTree = "<group>";
		};
		B654B96B20095A2E00BCED98 /* agingTests */ = {
			isa = PBXGroup;
			children = (
				B654B96C20095A2E00BCED98 /* agingTests.swift */,
				B654B96E20095A2E00BCED98 /* Info.plist */,
			);
			path = agingTests;
			sourceTree = "<group>";
		};
		B654B97620095A2E00BCED98 /* agingUITests */ = {
			isa = PBXGroup;
			children = (
				B654B97720095A2E00BCED98 /* agingUITests.swift */,
				B654B97920095A2E00BCED98 /* Info.plist */,
			);
			path = agingUITests;
			sourceTree = "<group>";
		};
/* End PBXGroup section */

/* Begin PBXNativeTarget section */
		B654B95320095A2E00BCED98 /* aging */ = {
			isa = PBXNativeTarget;
			buildConfigurationList = B654B97C20095A2E00BCED98 /* Build configuration list for PBXNativeTarget "aging" */;
			buildPhases = (
				B654B95020095A2E00BCED98 /* Sources */,
				B654B95120095A2E00BCED98 /* Frameworks */,
				B654B95220095A2E00BCED98 /* Resources */,
			);
			buildRules = (
			);
			dependencies = (
			);
			name = aging;
			productName = aging;
			productReference = B654B95420095A2E00BCED98 /* aging.app */;
			productType = "com.apple.product-type.application";
		};
		B654B96720095A2E00BCED98 /* agingTests */ = {
			isa = PBXNativeTarget;
			buildConfigurationList = B654B97F20095A2E00BCED98 /* Build configuration list for PBXNativeTarget "agingTests" */;
			buildPhases = (
				B654B96420095A2E00BCED98 /* Sources */,
				B654B96520095A2E00BCED98 /* Frameworks */,
				B654B96620095A2E00BCED98 /* Resources */,
			);
			buildRules = (
			);
			dependencies = (
				B654B96A20095A2E00BCED98 /* PBXTargetDependency */,
			);
			name = agingTests;
			productName = agingTests;
			productReference = B654B96820095A2E00BCED98 /* agingTests.xctest */;
			productType = "com.apple.product-type.bundle.unit-test";
		};
		B654B97220095A2E00BCED98 /* agingUITests */ = {
			isa = PBXNativeTarget;
			buildConfigurationList = B654B98220095A2E00BCED98 /* Build configuration list for PBXNativeTarget "agingUITests" */;
			buildPhases = (
				B654B96F20095A2E00BCED98 /* Sources */,
				B654B97020095A2E00BCED98 /* Frameworks */,
				B654B97120095A2E00BCED98 /* Resources */,
			);
			buildRules = (
			);
			dependencies = (
				B654B97520095A2E00BCED98 /* PBXTargetDependency */,
			);
			name = agingUITests;
			productName = agingUITests;
			productReference = B654B97320095A2E00BCED98 /* agingUITests.xctest */;
			productType = "com.apple.product-type.bundle.ui-testing";
		};
/* End PBXNativeTarget section */

/* Begin PBXProject section */
		B654B94C20095A2E00BCED98 /* Project object */ = {
			isa = PBXProject;
			attributes = {
				LastSwiftUpdateCheck = 0920;
				LastUpgradeCheck = 0920;
				ORGANIZATIONNAME = "Liam He";
				TargetAttributes = {
					B654B95320095A2E00BCED98 = {
						CreatedOnToolsVersion = 9.2;
						ProvisioningStyle = Automatic;
					};
					B654B96720095A2E00BCED98 = {
						CreatedOnToolsVersion = 9.2;
						ProvisioningStyle = Automatic;
						TestTargetID = B654B95320095A2E00BCED98;
					};
					B654B97220095A2E00BCED98 = {
						CreatedOnToolsVersion = 9.2;
						ProvisioningStyle = Automatic;
						TestTargetID = B654B95320095A2E00BCED98;
					};
				};
			};
			buildConfigurationList = B654B94F20095A2E00BCED98 /* Build configuration list for PBXProject "aging" */;
			compatibilityVersion = "Xcode 8.0";
			developmentRegion = en;
			hasScannedForEncodings = 0;
			knownRegions = (
				en,
				Base,
			);
			mainGroup = B654B94B20095A2E00BCED98;
			productRefGroup = B654B95520095A2E00BCED98 /* Products */;
			projectDirPath = "";
			projectRoot = "";
			targets = (
				B654B95320095A2E00BCED98 /* aging */,
				B654B96720095A2E00BCED98 /* agingTests */,
				B654B97220095A2E00BCED98 /* agingUITests */,
			);
		};
/* End PBXProject section */

/* Begin PBXResourcesBuildPhase section */
		B654B95220095A2E00BCED98 /* Resources */ = {
			isa = PBXResourcesBuildPhase;
			buildActionMask = 2147483647;
			files = (
				B654B96220095A2E00BCED98 /* LaunchScreen.storyboard in Resources */,
				B654B95F20095A2E00BCED98 /* Assets.xcassets in Resources */,
				B654B95D20095A2E00BCED98 /* Main.storyboard in Resources */,
			);
			runOnlyForDeploymentPostprocessing = 0;
		};
		B654B96620095A2E00BCED98 /* Resources */ = {
			isa = PBXResourcesBuildPhase;
			buildActionMask = 2147483647;
			files = (
			);
			runOnlyForDeploymentPostprocessing = 0;
		};
		B654B97120095A2E00BCED98 /* Resources */ = {
			isa = PBXResourcesBuildPhase;
			buildActionMask = 2147483647;
			files = (
			);
			runOnlyForDeploymentPostprocessing = 0;
		};
/* End PBXResourcesBuildPhase section */

/* Begin PBXSourcesBuildPhase section */
		B654B95020095A2E00BCED98 /* Sources */ = {
			isa = PBXSourcesBuildPhase;
			buildActionMask = 2147483647;
			files = (
				B654B95A20095A2E00BCED98 /* ViewController.swift in Sources */,
				B654B95820095A2E00BCED98 /* AppDelegate.swift in Sources */,
			);
			runOnlyForDeploymentPostprocessing = 0;
		};
		B654B96420095A2E00BCED98 /* Sources */ = {
			isa = PBXSourcesBuildPhase;
			buildActionMask = 2147483647;
			files = (
				B654B96D20095A2E00BCED98 /* agingTests.swift in Sources */,
			);
			runOnlyForDeploymentPostprocessing = 0;
		};
		B654B96F20095A2E00BCED98 /* Sources */ = {
			isa = PBXSourcesBuildPhase;
			buildActionMask = 2147483647;
			files = (
				B654B97820095A2E00BCED98 /* agingUITests.swift in Sources */,
			);
			runOnlyForDeploymentPostprocessing = 0;
		};
/* End PBXSourcesBuildPhase section */

/* Begin PBXTargetDependency section */
		B654B96A20095A2E00BCED98 /* PBXTargetDependency */ = {
			isa = PBXTargetDependency;
			target = B654B95320095A2E00BCED98 /* aging */;
			targetProxy = B654B96920095A2E00BCED98 /* PBXContainerItemProxy */;
		};
		B654B97520095A2E00BCED98 /* PBXTargetDependency */ = {
			isa = PBXTargetDependency;
			target = B654B95320095A2E00BCED98 /* aging */;
			targetProxy = B654B97420095A2E00BCED98 /* PBXContainerItemProxy */;
		};
/* End PBXTargetDependency section */

/* Begin PBXVariantGroup section */
		B654B95B20095A2E00BCED98 /* Main.storyboard */ = {
			isa = PBXVariantGroup;
			children = (
				B654B95C20095A2E00BCED98 /* Base */,
			);
			name = Main.storyboard;
			sourceTree = "<group>";
		};
		B654B96020095A2E00BCED98 /* LaunchScreen.storyboard */ = {
			isa = PBXVariantGroup;
			children = (
				B654B96120095A2E00BCED98 /* Base */,
			);
			name = LaunchScreen.storyboard;
			sourceTree = "<group>";
		};
/* End PBXVariantGroup section */

/* Begin XCBuildConfiguration section */
		B654B97A20095A2E00BCED98 /* Debug */ = {
			isa = XCBuildConfiguration;
			buildSettings = {
				ALWAYS_SEARCH_USER_PATHS = NO;
				CLANG_ANALYZER_NONNULL = YES;
				CLANG_ANALYZER_NUMBER_OBJECT_CONVERSION = YES_AGGRESSIVE;
				CLANG_CXX_LANGUAGE_STANDARD = "gnu++14";
				CLANG_CXX_LIBRARY = "libc++";
				CLANG_ENABLE_MODULES = YES;
				CLANG_ENABLE_OBJC_ARC = YES;
				CLANG_WARN_BLOCK_CAPTURE_AUTORELEASING = YES;
				CLANG_WARN_BOOL_CONVERSION = YES;
				CLANG_WARN_COMMA = YES;
				CLANG_WARN_CONSTANT_CONVERSION = YES;
				CLANG_WARN_DIRECT_OBJC_ISA_USAGE = YES_ERROR;
				CLANG_WARN_DOCUMENTATION_COMMENTS = YES;
				CLANG_WARN_EMPTY_BODY = YES;
				CLANG_WARN_ENUM_CONVERSION = YES;
				CLANG_WARN_INFINITE_RECURSION = YES;
				CLANG_WARN_INT_CONVERSION = YES;
				CLANG_WARN_NON_LITERAL_NULL_CONVERSION = YES;
				CLANG_WARN_OBJC_LITERAL_CONVERSION = YES;
				CLANG_WARN_OBJC_ROOT_CLASS = YES_ERROR;
				CLANG_WARN_RANGE_LOOP_ANALYSIS = YES;
				CLANG_WARN_STRICT_PROTOTYPES = YES;
				CLANG_WARN_SUSPICIOUS_MOVE = YES;
				CLANG_WARN_UNGUARDED_AVAILABILITY = YES_AGGRESSIVE;
				CLANG_WARN_UNREACHABLE_CODE = YES;
				CLANG_WARN__DUPLICATE_METHOD_MATCH = YES;
				CODE_SIGN_IDENTITY = "iPhone Developer";
				COPY_PHASE_STRIP = NO;
				DEBUG_INFORMATION_FORMAT = dwarf;
				ENABLE_STRICT_OBJC_MSGSEND = YES;
				ENABLE_TESTABILITY = YES;
				GCC_C_LANGUAGE_STANDARD = gnu11;
				GCC_DYNAMIC_NO_PIC = NO;
				GCC_NO_COMMON_BLOCKS = YES;
				GCC_OPTIMIZATION_LEVEL = 0;
				GCC_PREPROCESSOR_DEFINITIONS = (
					"DEBUG=1",
					"$(inherited)",
				);
				GCC_WARN_64_TO_32_BIT_CONVERSION = YES;
				GCC_WARN_ABOUT_RETURN_TYPE = YES_ERROR;
				GCC_WARN_UNDECLARED_SELECTOR = YES;
				GCC_WARN_UNINITIALIZED_AUTOS = YES_AGGRESSIVE;
				GCC_WARN_UNUSED_FUNCTION = YES;
				GCC_WARN_UNUSED_VARIABLE = YES;
				IPHONEOS_DEPLOYMENT_TARGET = 11.2;
				MTL_ENABLE_DEBUG_INFO = YES;
				ONLY_ACTIVE_ARCH = YES;
				SDKROOT = iphoneos;
				SWIFT_ACTIVE_COMPILATION_CONDITIONS = DEBUG;
				SWIFT_OPTIMIZATION_LEVEL = "-Onone";
			};
			name = Debug;
		};
		B654B97B20095A2E00BCED98 /* Release */ = {
			isa = XCBuildConfiguration;
			buildSettings = {
				ALWAYS_SEARCH_USER_PATHS = NO;
				CLANG_ANALYZER_NONNULL = YES;
				CLANG_ANALYZER_NUMBER_OBJECT_CONVERSION = YES_AGGRESSIVE;
				CLANG_CXX_LANGUAGE_STANDARD = "gnu++14";
				CLANG_CXX_LIBRARY = "libc++";
				CLANG_ENABLE_MODULES = YES;
				CLANG_ENABLE_OBJC_ARC = YES;
				CLANG_WARN_BLOCK_CAPTURE_AUTORELEASING = YES;
				CLANG_WARN_BOOL_CONVERSION = YES;
				CLANG_WARN_COMMA = YES;
				CLANG_WARN_CONSTANT_CONVERSION = YES;
				CLANG_WARN_DIRECT_OBJC_ISA_USAGE = YES_ERROR;
				CLANG_WARN_DOCUMENTATION_COMMENTS = YES;
				CLANG_WARN_EMPTY_BODY = YES;
				CLANG_WARN_ENUM_CONVERSION = YES;
				CLANG_WARN_INFINITE_RECURSION = YES;
				CLANG_WARN_INT_CONVERSION = YES;
				CLANG_WARN_NON_LITERAL_NULL_CONVERSION = YES;
				CLANG_WARN_OBJC_LITERAL_CONVERSION = YES;
				CLANG_WARN_OBJC_ROOT_CLASS = YES_ERROR;
				CLANG_WARN_RANGE_LOOP_ANALYSIS = YES;
				CLANG_WARN_STRICT_PROTOTYPES = YES;
				CLANG_WARN_SUSPICIOUS_MOVE = YES;
				CLANG_WARN_UNGUARDED_AVAILABILITY = YES_AGGRESSIVE;
				CLANG_WARN_UNREACHABLE_CODE = YES;
				CLANG_WARN__DUPLICATE_METHOD_MATCH = YES;
				CODE_SIGN_IDENTITY = "iPhone Developer";
				COPY_PHASE_STRIP = NO;
				DEBUG_INFORMATION_FORMAT = "dwarf-with-dsym";
				ENABLE_NS_ASSERTIONS = NO;
				ENABLE_STRICT_OBJC_MSGSEND = YES;
				GCC_C_LANGUAGE_STANDARD = gnu11;
				GCC_NO_COMMON_BLOCKS = YES;
				GCC_WARN_64_TO_32_BIT_CONVERSION = YES;
				GCC_WARN_ABOUT_RETURN_TYPE = YES_ERROR;
				GCC_WARN_UNDECLARED_SELECTOR = YES;
				GCC_WARN_UNINITIALIZED_AUTOS = YES_AGGRESSIVE;
				GCC_WARN_UNUSED_FUNCTION = YES;
				GCC_WARN_UNUSED_VARIABLE = YES;
				IPHONEOS_DEPLOYMENT_TARGET = 11.2;
				MTL_ENABLE_DEBUG_INFO = NO;
				SDKROOT = iphoneos;
				SWIFT_OPTIMIZATION_LEVEL = "-Owholemodule";
				VALIDATE_PRODUCT = YES;
			};
			name = Release;
		};
		B654B97D20095A2E00BCED98 /* Debug */ = {
			isa = XCBuildConfiguration;
			buildSettings = {
				ASSETCATALOG_COMPILER_APPICON_NAME = AppIcon;
				CODE_SIGN_STYLE = Automatic;
				DEVELOPMENT_TEAM = L5VC7RAKUD;
				INFOPLIST_FILE = aging/Info.plist;
				LD_RUNPATH_SEARCH_PATHS = "$(inherited) @executable_path/Frameworks";
				PRODUCT_BUNDLE_IDENTIFIER = com.liam.aging;
				PRODUCT_NAME = "$(TARGET_NAME)";
				SWIFT_VERSION = 4.0;
				TARGETED_DEVICE_FAMILY = "1,2";
			};
			name = Debug;
		};
		B654B97E20095A2E00BCED98 /* Release */ = {
			isa = XCBuildConfiguration;
			buildSettings = {
				ASSETCATALOG_COMPILER_APPICON_NAME = AppIcon;
				CODE_SIGN_STYLE = Automatic;
				DEVELOPMENT_TEAM = L5VC7RAKUD;
				INFOPLIST_FILE = aging/Info.plist;
				LD_RUNPATH_SEARCH_PATHS = "$(inherited) @executable_path/Frameworks";
				PRODUCT_BUNDLE_IDENTIFIER = com.liam.aging;
				PRODUCT_NAME = "$(TARGET_NAME)";
				SWIFT_VERSION = 4.0;
				TARGETED_DEVICE_FAMILY = "1,2";
			};
			name = Release;
		};
		B654B98020095A2E00BCED98 /* Debug */ = {
			isa = XCBuildConfiguration;
			buildSettings = {
				ALWAYS_EMBED_SWIFT_STANDARD_LIBRARIES = YES;
				BUNDLE_LOADER = "$(TEST_HOST)";
				CODE_SIGN_STYLE = Automatic;
				DEVELOPMENT_TEAM = L5VC7RAKUD;
				INFOPLIST_FILE = agingTests/Info.plist;
				LD_RUNPATH_SEARCH_PATHS = "$(inherited) @executable_path/Frameworks @loader_path/Frameworks";
				PRODUCT_BUNDLE_IDENTIFIER = com.liam.agingTests;
				PRODUCT_NAME = "$(TARGET_NAME)";
				SWIFT_VERSION = 4.0;
				TARGETED_DEVICE_FAMILY = "1,2";
				TEST_HOST = "$(BUILT_PRODUCTS_DIR)/aging.app/aging";
			};
			name = Debug;
		};
		B654B98120095A2E00BCED98 /* Release */ = {
			isa = XCBuildConfiguration;
			buildSettings = {
				ALWAYS_EMBED_SWIFT_STANDARD_LIBRARIES = YES;
				BUNDLE_LOADER = "$(TEST_HOST)";
				CODE_SIGN_STYLE = Automatic;
				DEVELOPMENT_TEAM = L5VC7RAKUD;
				INFOPLIST_FILE = agingTests/Info.plist;
				LD_RUNPATH_SEARCH_PATHS = "$(inherited) @executable_path/Frameworks @loader_path/Frameworks";
				PRODUCT_BUNDLE_IDENTIFIER = com.liam.agingTests;
				PRODUCT_NAME = "$(TARGET_NAME)";
				SWIFT_VERSION = 4.0;
				TARGETED_DEVICE_FAMILY = "1,2";
				TEST_HOST = "$(BUILT_PRODUCTS_DIR)/aging.app/aging";
			};
			name = Release;
		};
		B654B98320095A2E00BCED98 /* Debug */ = {
			isa = XCBuildConfiguration;
			buildSettings = {
				ALWAYS_EMBED_SWIFT_STANDARD_LIBRARIES = YES;
				CODE_SIGN_STYLE = Automatic;
				DEVELOPMENT_TEAM = L5VC7RAKUD;
				INFOPLIST_FILE = agingUITests/Info.plist;
				LD_RUNPATH_SEARCH_PATHS = "$(inherited) @executable_path/Frameworks @loader_path/Frameworks";
				PRODUCT_BUNDLE_IDENTIFIER = com.liam.agingUITests;
				PRODUCT_NAME = "$(TARGET_NAME)";
				SWIFT_VERSION = 4.0;
				TARGETED_DEVICE_FAMILY = "1,2";
				TEST_TARGET_NAME = aging;
			};
			name = Debug;
		};
		B654B98420095A2E00BCED98 /* Release */ = {
			isa = XCBuildConfiguration;
			buildSettings = {
				ALWAYS_EMBED_SWIFT_STANDARD_LIBRARIES = YES;
				CODE_SIGN_STYLE = Automatic;
				DEVELOPMENT_TEAM = L5VC7RAKUD;
				INFOPLIST_FILE = agingUITests/Info.plist;
				LD_RUNPATH_SEARCH_PATHS = "$(inherited) @executable_path/Frameworks @loader_path/Frameworks";
				PRODUCT_BUNDLE_IDENTIFIER = com.liam.agingUITests;
				PRODUCT_NAME = "$(TARGET_NAME)";
				SWIFT_VERSION = 4.0;
				TARGETED_DEVICE_FAMILY = "1,2";
				TEST_TARGET_NAME = aging;
			};
			name = Release;
		};
/* End XCBuildConfiguration section */

/* Begin XCConfigurationList section */
		B654B94F20095A2E00BCED98 /* Build configuration list for PBXProject "aging" */ = {
			isa = XCConfigurationList;
			buildConfigurations = (
				B654B97A20095A2E00BCED98 /* Debug */,
				B654B97B20095A2E00BCED98 /* Release */,
			);
			defaultConfigurationIsVisible = 0;
			defaultConfigurationName = Release;
		};
		B654B97C20095A2E00BCED98 /* Build configuration list for PBXNativeTarget "aging" */ = {
			isa = XCConfigurationList;
			buildConfigurations = (
				B654B97D20095A2E00BCED98 /* Debug */,
				B654B97E20095A2E00BCED98 /* Release */,
			);
			defaultConfigurationIsVisible = 0;
			defaultConfigurationName = Release;
		};
		B654B97F20095A2E00BCED98 /* Build configuration list for PBXNativeTarget "agingTests" */ = {
			isa = XCConfigurationList;
			buildConfigurations = (
				B654B98020095A2E00BCED98 /* Debug */,
				B654B98120095A2E00BCED98 /* Release */,
			);
			defaultConfigurationIsVisible = 0;
			defaultConfigurationName = Release;
		};
		B654B98220095A2E00BCED98 /* Build configuration list for PBXNativeTarget "agingUITests" */ = {
			isa = XCConfigurationList;
			buildConfigurations = (
				B654B98320095A2E00BCED98 /* Debug */,
				B654B98420095A2E00BCED98 /* Release */,
			);
			defaultConfigurationIsVisible = 0;
			defaultConfigurationName = Release;
		};
/* End XCConfigurationList section */
	};
	rootObject = B654B94C20095A2E00BCED98 /* Project object */;
}
